%{
  "connection": {:hex, :connection, "1.0.4", "a1cae72211f0eef17705aaededacac3eb30e6625b04a6117c1b2db6ace7d5976", [:mix], [], "hexpm"},
  "db_connection": {:hex, :db_connection, "0.2.5", "3e5e28019e0ec744345568d22a2f5206109bff0e2571f4d7819e0d14cf955f3e", [:mix], [{:connection, "~> 1.0.2", [hex: :connection, repo: "hexpm", optional: false]}, {:poolboy, "~> 1.5", [hex: :poolboy, repo: "hexpm", optional: true]}, {:sbroker, "~> 0.7", [hex: :sbroker, repo: "hexpm", optional: true]}], "hexpm"},
  "decimal": {:hex, :decimal, "1.7.0", "30d6b52c88541f9a66637359ddf85016df9eb266170d53105f02e4a67e00c5aa", [:mix], [], "hexpm"},
  "ecto": {:hex, :ecto, "2.0.0-rc.5", "a95184a260edb89669be7746b3b270725ce6940e378b05d19df82eecf52544cb", [:mix], [{:decimal, "~> 1.0", [hex: :decimal, repo: "hexpm", optional: false]}, {:mariaex, "~> 0.7.1", [hex: :mariaex, repo: "hexpm", optional: true]}, {:poison, "~> 1.5 or ~> 2.0", [hex: :poison, repo: "hexpm", optional: true]}, {:poolboy, "~> 1.5", [hex: :poolboy, repo: "hexpm", optional: false]}, {:postgrex, "~> 0.11.1", [hex: :postgrex, repo: "hexpm", optional: true]}, {:sbroker, "~> 0.7", [hex: :sbroker, repo: "hexpm", optional: true]}], "hexpm"},
  "mariaex": {:hex, :mariaex, "0.7.5", "da982923ded6faa57deb3d574172528cc906449330d2205ba3fa03c63f526f15", [:mix], [{:db_connection, "~> 0.2", [hex: :db_connection, repo: "hexpm", optional: false]}, {:decimal, "~> 1.0", [hex: :decimal, repo: "hexpm", optional: false]}], "hexpm"},
  "poolboy": {:hex, :poolboy, "1.5.2", "392b007a1693a64540cead79830443abf5762f5d30cf50bc95cb2c1aaafa006b", [:rebar3], [], "hexpm"},
  "postgrex": {:hex, :postgrex, "0.11.1", "f48af70c0a58b9bfd1aaa456ec4273624554cfb837726b6a7f0701da4a94b2dd", [:mix], [{:connection, "~> 1.0", [hex: :connection, repo: "hexpm", optional: false]}, {:db_connection, "~> 0.2", [hex: :db_connection, repo: "hexpm", optional: false]}, {:decimal, "~> 1.0", [hex: :decimal, repo: "hexpm", optional: false]}], "hexpm"},
}
